// !$*UTF8*$!
{
	archiveVersion = 1;
	classes = {
	};
	objectVersion = 77;
	objects = {

/* Begin PBXBuildFile section */
		7D9ED7ED2DB1FC1800A1618D /* RxSwift in Frameworks */ = {isa = PBXBuildFile; productRef = 7D9ED7EC2DB1FC1800A1618D /* RxSwift */; };
		7DE0C8E22E0FFF0B00F56E9D /* BinaryTree.swift in Sources */ = {isa = PBXBuildFile; fileRef = 7DE0C8E12E0FFEC800F56E9D /* BinaryTree.swift */; };
		7DE0C8E42E0FFF8900F56E9D /* MemoryLeakingCheckerDraft.swift in Sources */ = {isa = PBXBuildFile; fileRef = 7DE0C8E32E0FFF8000F56E9D /* MemoryLeakingCheckerDraft.swift */; };
/* End PBXBuildFile section */

/* Begin PBXCopyFilesBuildPhase section */
		7D1DFABB2D811BB4001DC3E8 /* CopyFiles */ = {
			isa = PBXCopyFilesBuildPhase;
			buildActionMask = 2147483647;
			dstPath = /usr/share/man/man1/;
			dstSubfolderSpec = 0;
			files = (
			);
			runOnlyForDeploymentPostprocessing = 1;
		};
/* End PBXCopyFilesBuildPhase section */

/* Begin PBXFileReference section */
		7D1DFABD2D811BB4001DC3E8 /* Algorithms */ = {isa = PBXFileReference; explicitFileType = "compiled.mach-o.executable"; includeInIndex = 0; path = Algorithms; sourceTree = BUILT_PRODUCTS_DIR; };
		7DBBDD1B2DCB506E00E78CD0 /* Proxy.swift */ = {isa = PBXFileReference; lastKnownFileType = sourcecode.swift; path = Proxy.swift; sourceTree = "<group>"; };
		7DBBDD1C2DCB50E600E78CD0 /* Decorator.swift */ = {isa = PBXFileReference; lastKnownFileType = sourcecode.swift; path = Decorator.swift; sourceTree = "<group>"; };
		7DBBDD1E2DCB518B00E78CD0 /* Adapter.swift */ = {isa = PBXFileReference; lastKnownFileType = sourcecode.swift; path = Adapter.swift; sourceTree = "<group>"; };
		7DBBDD1F2DCB51C600E78CD0 /* Bridge.swift */ = {isa = PBXFileReference; lastKnownFileType = sourcecode.swift; path = Bridge.swift; sourceTree = "<group>"; };
		7DBBDD202DCB520200E78CD0 /* Facade.swift */ = {isa = PBXFileReference; lastKnownFileType = sourcecode.swift; path = Facade.swift; sourceTree = "<group>"; };
		7DE0C8E12E0FFEC800F56E9D /* BinaryTree.swift */ = {isa = PBXFileReference; lastKnownFileType = sourcecode.swift; path = BinaryTree.swift; sourceTree = "<group>"; };
		7DE0C8E32E0FFF8000F56E9D /* MemoryLeakingCheckerDraft.swift */ = {isa = PBXFileReference; lastKnownFileType = sourcecode.swift; path = MemoryLeakingCheckerDraft.swift; sourceTree = "<group>"; };
/* End PBXFileReference section */

/* Begin PBXFileSystemSynchronizedBuildFileExceptionSet section */
		7D9A47DF2DD9C0A700BD14C1 /* Exceptions for "Myself" folder in "Algorithms" target */ = {
			isa = PBXFileSystemSynchronizedBuildFileExceptionSet;
			membershipExceptions = (
				AboutClasses.swift,
				AboutEnums.swift,
				CreateNodes.swift,
				extensionOfImplementedTypes.swift,
			);
			target = 7D1DFABC2D811BB4001DC3E8 /* Algorithms */;
		};
/* End PBXFileSystemSynchronizedBuildFileExceptionSet section */

/* Begin PBXFileSystemSynchronizedRootGroup section */
		7D1DFABF2D811BB4001DC3E8 /* Algorithms */ = {
			isa = PBXFileSystemSynchronizedRootGroup;
			path = Algorithms;
			sourceTree = "<group>";
		};
		7D9A47DC2DD9BDB400BD14C1 /* Myself */ = {
			isa = PBXFileSystemSynchronizedRootGroup;
			exceptions = (
				7D9A47DF2DD9C0A700BD14C1 /* Exceptions for "Myself" folder in "Algorithms" target */,
			);
			path = Myself;
			sourceTree = "<group>";
		};
		7D9A47E02DDAC5EE00BD14C1 /* University */ = {
			isa = PBXFileSystemSynchronizedRootGroup;
			path = University;
			sourceTree = "<group>";
		};
		7DE0C8DE2E0CE43D00F56E9D /* Stack And Heap */ = {
			isa = PBXFileSystemSynchronizedRootGroup;
			path = "Stack And Heap";
			sourceTree = "<group>";
		};
/* End PBXFileSystemSynchronizedRootGroup section */

/* Begin PBXFrameworksBuildPhase section */
		7D1DFABA2D811BB4001DC3E8 /* Frameworks */ = {
			isa = PBXFrameworksBuildPhase;
			buildActionMask = 2147483647;
			files = (
				7D9ED7ED2DB1FC1800A1618D /* RxSwift in Frameworks */,
			);
			runOnlyForDeploymentPostprocessing = 0;
		};
/* End PBXFrameworksBuildPhase section */

/* Begin PBXGroup section */
		7D1DFAB42D811BB4001DC3E8 = {
			isa = PBXGroup;
			children = (
				7DE0C8E02E0FFEC000F56E9D /* Drafts */,
				7D9A47E02DDAC5EE00BD14C1 /* University */,
				7DBBDD182DCB505000E78CD0 /* Knowledge  */,
				7D1DFABF2D811BB4001DC3E8 /* Algorithms */,
				7D1DFABE2D811BB4001DC3E8 /* Products */,
			);
			sourceTree = "<group>";
		};
		7D1DFABE2D811BB4001DC3E8 /* Products */ = {
			isa = PBXGroup;
			children = (
				7D1DFABD2D811BB4001DC3E8 /* Algorithms */,
			);
			name = Products;
			sourceTree = "<group>";
		};
		7DBBDD182DCB505000E78CD0 /* Knowledge  */ = {
			isa = PBXGroup;
			children = (
				7DE0C8DE2E0CE43D00F56E9D /* Stack And Heap */,
				7D9A47DC2DD9BDB400BD14C1 /* Myself */,
				7DBBDD192DCB505A00E78CD0 /* ArchPatterns */,
			);
			path = "Knowledge ";
			sourceTree = "<group>";
		};
		7DBBDD192DCB505A00E78CD0 /* ArchPatterns */ = {
			isa = PBXGroup;
			children = (
				7DBBDD1A2DCB506700E78CD0 /* FiveOfPatterns */,
			);
			path = ArchPatterns;
			sourceTree = "<group>";
		};
		7DBBDD1A2DCB506700E78CD0 /* FiveOfPatterns */ = {
			isa = PBXGroup;
			children = (
				7DBBDD202DCB520200E78CD0 /* Facade.swift */,
				7DBBDD1F2DCB51C600E78CD0 /* Bridge.swift */,
				7DBBDD1E2DCB518B00E78CD0 /* Adapter.swift */,
				7DBBDD1C2DCB50E600E78CD0 /* Decorator.swift */,
				7DBBDD1B2DCB506E00E78CD0 /* Proxy.swift */,
			);
			path = FiveOfPatterns;
			sourceTree = "<group>";
		};
		7DE0C8E02E0FFEC000F56E9D /* Drafts */ = {
			isa = PBXGroup;
			children = (
				7DE0C8E32E0FFF8000F56E9D /* MemoryLeakingCheckerDraft.swift */,
				7DE0C8E12E0FFEC800F56E9D /* BinaryTree.swift */,
			);
			path = Drafts;
			sourceTree = "<group>";
		};
/* End PBXGroup section */

/* Begin PBXNativeTarget section */
		7D1DFABC2D811BB4001DC3E8 /* Algorithms */ = {
			isa = PBXNativeTarget;
			buildConfigurationList = 7D1DFAC42D811BB4001DC3E8 /* Build configuration list for PBXNativeTarget "Algorithms" */;
			buildPhases = (
				7D1DFAB92D811BB4001DC3E8 /* Sources */,
				7D1DFABA2D811BB4001DC3E8 /* Frameworks */,
				7D1DFABB2D811BB4001DC3E8 /* CopyFiles */,
			);
			buildRules = (
			);
			dependencies = (
			);
			fileSystemSynchronizedGroups = (
				7D1DFABF2D811BB4001DC3E8 /* Algorithms */,
				7D9A47E02DDAC5EE00BD14C1 /* University */,
			);
			name = Algorithms;
			packageProductDependencies = (
				7D9ED7EC2DB1FC1800A1618D /* RxSwift */,
			);
			productName = Algorithms;
			productReference = 7D1DFABD2D811BB4001DC3E8 /* Algorithms */;
			productType = "com.apple.product-type.tool";
		};
/* End PBXNativeTarget section */

/* Begin PBXProject section */
		7D1DFAB52D811BB4001DC3E8 /* Project object */ = {
			isa = PBXProject;
			attributes = {
				BuildIndependentTargetsInParallel = 1;
				LastSwiftUpdateCheck = 1620;
				LastUpgradeCheck = 1620;
				TargetAttributes = {
					7D1DFABC2D811BB4001DC3E8 = {
						CreatedOnToolsVersion = 16.2;
					};
				};
			};
			buildConfigurationList = 7D1DFAB82D811BB4001DC3E8 /* Build configuration list for PBXProject "Algorithms" */;
			developmentRegion = en;
			hasScannedForEncodings = 0;
			knownRegions = (
				en,
				Base,
			);
			mainGroup = 7D1DFAB42D811BB4001DC3E8;
			minimizedProjectReferenceProxies = 1;
			packageReferences = (
				7D9ED7EB2DB1FC1800A1618D /* XCRemoteSwiftPackageReference "RxSwift" */,
			);
			preferredProjectObjectVersion = 77;
			productRefGroup = 7D1DFABE2D811BB4001DC3E8 /* Products */;
			projectDirPath = "";
			projectRoot = "";
			targets = (
				7D1DFABC2D811BB4001DC3E8 /* Algorithms */,
			);
		};
/* End PBXProject section */

/* Begin PBXSourcesBuildPhase section */
		7D1DFAB92D811BB4001DC3E8 /* Sources */ = {
			isa = PBXSourcesBuildPhase;
			buildActionMask = 2147483647;
			files = (
				7DE0C8E42E0FFF8900F56E9D /* MemoryLeakingCheckerDraft.swift in Sources */,
				7DE0C8E22E0FFF0B00F56E9D /* BinaryTree.swift in Sources */,
			);
			runOnlyForDeploymentPostprocessing = 0;
		};
/* End PBXSourcesBuildPhase section */

/* Begin XCBuildConfiguration section */
		7D1DFAC22D811BB4001DC3E8 /* Debug */ = {
			isa = XCBuildConfiguration;
			buildSettings = {
				ALWAYS_SEARCH_USER_PATHS = NO;
				ASSETCATALOG_COMPILER_GENERATE_SWIFT_ASSET_SYMBOL_EXTENSIONS = YES;
				CLANG_ANALYZER_NONNULL = YES;
				CLANG_ANALYZER_NUMBER_OBJECT_CONVERSION = YES_AGGRESSIVE;
				CLANG_CXX_LANGUAGE_STANDARD = "gnu++20";
				CLANG_ENABLE_MODULES = YES;
				CLANG_ENABLE_OBJC_ARC = YES;
				CLANG_ENABLE_OBJC_WEAK = YES;
				CLANG_WARN_BLOCK_CAPTURE_AUTORELEASING = YES;
				CLANG_WARN_BOOL_CONVERSION = YES;
				CLANG_WARN_COMMA = YES;
				CLANG_WARN_CONSTANT_CONVERSION = YES;
				CLANG_WARN_DEPRECATED_OBJC_IMPLEMENTATIONS = YES;
				CLANG_WARN_DIRECT_OBJC_ISA_USAGE = YES_ERROR;
				CLANG_WARN_DOCUMENTATION_COMMENTS = YES;
				CLANG_WARN_EMPTY_BODY = YES;
				CLANG_WARN_ENUM_CONVERSION = YES;
				CLANG_WARN_INFINITE_RECURSION = YES;
				CLANG_WARN_INT_CONVERSION = YES;
				CLANG_WARN_NON_LITERAL_NULL_CONVERSION = YES;
				CLANG_WARN_OBJC_IMPLICIT_RETAIN_SELF = YES;
				CLANG_WARN_OBJC_LITERAL_CONVERSION = YES;
				CLANG_WARN_OBJC_ROOT_CLASS = YES_ERROR;
				CLANG_WARN_QUOTED_INCLUDE_IN_FRAMEWORK_HEADER = YES;
				CLANG_WARN_RANGE_LOOP_ANALYSIS = YES;
				CLANG_WARN_STRICT_PROTOTYPES = YES;
				CLANG_WARN_SUSPICIOUS_MOVE = YES;
				CLANG_WARN_UNGUARDED_AVAILABILITY = YES_AGGRESSIVE;
				CLANG_WARN_UNREACHABLE_CODE = YES;
				CLANG_WARN__DUPLICATE_METHOD_MATCH = YES;
				COPY_PHASE_STRIP = NO;
				DEBUG_INFORMATION_FORMAT = dwarf;
				ENABLE_STRICT_OBJC_MSGSEND = YES;
				ENABLE_TESTABILITY = YES;
				ENABLE_USER_SCRIPT_SANDBOXING = YES;
				GCC_C_LANGUAGE_STANDARD = gnu17;
				GCC_DYNAMIC_NO_PIC = NO;
				GCC_NO_COMMON_BLOCKS = YES;
				GCC_OPTIMIZATION_LEVEL = 0;
				GCC_PREPROCESSOR_DEFINITIONS = (
					"DEBUG=1",
					"$(inherited)",
				);
				GCC_WARN_64_TO_32_BIT_CONVERSION = YES;
				GCC_WARN_ABOUT_RETURN_TYPE = YES_ERROR;
				GCC_WARN_UNDECLARED_SELECTOR = YES;
				GCC_WARN_UNINITIALIZED_AUTOS = YES_AGGRESSIVE;
				GCC_WARN_UNUSED_FUNCTION = YES;
				GCC_WARN_UNUSED_VARIABLE = YES;
				LOCALIZATION_PREFERS_STRING_CATALOGS = YES;
				MACOSX_DEPLOYMENT_TARGET = 15.2;
				MTL_ENABLE_DEBUG_INFO = INCLUDE_SOURCE;
				MTL_FAST_MATH = YES;
				ONLY_ACTIVE_ARCH = YES;
				SDKROOT = macosx;
				SWIFT_ACTIVE_COMPILATION_CONDITIONS = "DEBUG $(inherited)";
				SWIFT_OPTIMIZATION_LEVEL = "-Onone";
			};
			name = Debug;
		};
		7D1DFAC32D811BB4001DC3E8 /* Release */ = {
			isa = XCBuildConfiguration;
			buildSettings = {
				ALWAYS_SEARCH_USER_PATHS = NO;
				ASSETCATALOG_COMPILER_GENERATE_SWIFT_ASSET_SYMBOL_EXTENSIONS = YES;
				CLANG_ANALYZER_NONNULL = YES;
				CLANG_ANALYZER_NUMBER_OBJECT_CONVERSION = YES_AGGRESSIVE;
				CLANG_CXX_LANGUAGE_STANDARD = "gnu++20";
				CLANG_ENABLE_MODULES = YES;
				CLANG_ENABLE_OBJC_ARC = YES;
				CLANG_ENABLE_OBJC_WEAK = YES;
				CLANG_WARN_BLOCK_CAPTURE_AUTORELEASING = YES;
				CLANG_WARN_BOOL_CONVERSION = YES;
				CLANG_WARN_COMMA = YES;
				CLANG_WARN_CONSTANT_CONVERSION = YES;
				CLANG_WARN_DEPRECATED_OBJC_IMPLEMENTATIONS = YES;
				CLANG_WARN_DIRECT_OBJC_ISA_USAGE = YES_ERROR;
				CLANG_WARN_DOCUMENTATION_COMMENTS = YES;
				CLANG_WARN_EMPTY_BODY = YES;
				CLANG_WARN_ENUM_CONVERSION = YES;
				CLANG_WARN_INFINITE_RECURSION = YES;
				CLANG_WARN_INT_CONVERSION = YES;
				CLANG_WARN_NON_LITERAL_NULL_CONVERSION = YES;
				CLANG_WARN_OBJC_IMPLICIT_RETAIN_SELF = YES;
				CLANG_WARN_OBJC_LITERAL_CONVERSION = YES;
				CLANG_WARN_OBJC_ROOT_CLASS = YES_ERROR;
				CLANG_WARN_QUOTED_INCLUDE_IN_FRAMEWORK_HEADER = YES;
				CLANG_WARN_RANGE_LOOP_ANALYSIS = YES;
				CLANG_WARN_STRICT_PROTOTYPES = YES;
				CLANG_WARN_SUSPICIOUS_MOVE = YES;
				CLANG_WARN_UNGUARDED_AVAILABILITY = YES_AGGRESSIVE;
				CLANG_WARN_UNREACHABLE_CODE = YES;
				CLANG_WARN__DUPLICATE_METHOD_MATCH = YES;
				COPY_PHASE_STRIP = NO;
				DEBUG_INFORMATION_FORMAT = "dwarf-with-dsym";
				ENABLE_NS_ASSERTIONS = NO;
				ENABLE_STRICT_OBJC_MSGSEND = YES;
				ENABLE_USER_SCRIPT_SANDBOXING = YES;
				GCC_C_LANGUAGE_STANDARD = gnu17;
				GCC_NO_COMMON_BLOCKS = YES;
				GCC_WARN_64_TO_32_BIT_CONVERSION = YES;
				GCC_WARN_ABOUT_RETURN_TYPE = YES_ERROR;
				GCC_WARN_UNDECLARED_SELECTOR = YES;
				GCC_WARN_UNINITIALIZED_AUTOS = YES_AGGRESSIVE;
				GCC_WARN_UNUSED_FUNCTION = YES;
				GCC_WARN_UNUSED_VARIABLE = YES;
				LOCALIZATION_PREFERS_STRING_CATALOGS = YES;
				MACOSX_DEPLOYMENT_TARGET = 15.2;
				MTL_ENABLE_DEBUG_INFO = NO;
				MTL_FAST_MATH = YES;
				SDKROOT = macosx;
				SWIFT_COMPILATION_MODE = wholemodule;
			};
			name = Release;
		};
		7D1DFAC52D811BB4001DC3E8 /* Debug */ = {
			isa = XCBuildConfiguration;
			buildSettings = {
				CODE_SIGN_STYLE = Automatic;
				DEVELOPMENT_TEAM = FM5UA69R37;
				ENABLE_HARDENED_RUNTIME = YES;
				PRODUCT_NAME = "$(TARGET_NAME)";
				SWIFT_VERSION = 5.0;
			};
			name = Debug;
		};
		7D1DFAC62D811BB4001DC3E8 /* Release */ = {
			isa = XCBuildConfiguration;
			buildSettings = {
				CODE_SIGN_STYLE = Automatic;
				DEVELOPMENT_TEAM = FM5UA69R37;
				ENABLE_HARDENED_RUNTIME = YES;
				PRODUCT_NAME = "$(TARGET_NAME)";
				SWIFT_VERSION = 5.0;
			};
			name = Release;
		};
/* End XCBuildConfiguration section */

/* Begin XCConfigurationList section */
		7D1DFAB82D811BB4001DC3E8 /* Build configuration list for PBXProject "Algorithms" */ = {
			isa = XCConfigurationList;
			buildConfigurations = (
				7D1DFAC22D811BB4001DC3E8 /* Debug */,
				7D1DFAC32D811BB4001DC3E8 /* Release */,
			);
			defaultConfigurationIsVisible = 0;
			defaultConfigurationName = Release;
		};
		7D1DFAC42D811BB4001DC3E8 /* Build configuration list for PBXNativeTarget "Algorithms" */ = {
			isa = XCConfigurationList;
			buildConfigurations = (
				7D1DFAC52D811BB4001DC3E8 /* Debug */,
				7D1DFAC62D811BB4001DC3E8 /* Release */,
			);
			defaultConfigurationIsVisible = 0;
			defaultConfigurationName = Release;
		};
/* End XCConfigurationList section */

/* Begin XCRemoteSwiftPackageReference section */
		7D9ED7EB2DB1FC1800A1618D /* XCRemoteSwiftPackageReference "RxSwift" */ = {
			isa = XCRemoteSwiftPackageReference;
			repositoryURL = "https://github.com/ReactiveX/RxSwift";
			requirement = {
				kind = upToNextMajorVersion;
				minimumVersion = 6.9.0;
			};
		};
/* End XCRemoteSwiftPackageReference section */

/* Begin XCSwiftPackageProductDependency section */
		7D9ED7EC2DB1FC1800A1618D /* RxSwift */ = {
			isa = XCSwiftPackageProductDependency;
			package = 7D9ED7EB2DB1FC1800A1618D /* XCRemoteSwiftPackageReference "RxSwift" */;
			productName = RxSwift;
		};
/* End XCSwiftPackageProductDependency section */
	};
	rootObject = 7D1DFAB52D811BB4001DC3E8 /* Project object */;
}
